
Microsoft Visual Studio Solution File, Format Version 12.00
# Visual Studio Version 17
VisualStudioVersion = 17.14.36301.6 d17.14
MinimumVisualStudioVersion = 10.0.40219.1
Project("{FAE04EC0-301F-11D3-BF4B-00C04F79EFBC}") = "ProductInventory", "ProductInventory\ProductInventory.csproj", "{98F21500-99E5-4BD3-94EA-73196033C354}"
EndProject
Global
	GlobalSection(SolutionConfigurationPlatforms) = preSolution
		Debug|Any CPU = Debug|Any CPU
		Release|Any CPU = Release|Any CPU
	EndGlobalSection
	GlobalSection(ProjectConfigurationPlatforms) = postSolution
		{98F21500-99E5-4BD3-94EA-73196033C354}.Debug|Any CPU.ActiveCfg = Debug|Any CPU
		{98F21500-99E5-4BD3-94EA-73196033C354}.Debug|Any CPU.Build.0 = Debug|Any CPU
		{98F21500-99E5-4BD3-94EA-73196033C354}.Release|Any CPU.ActiveCfg = Release|Any CPU
		{98F21500-99E5-4BD3-94EA-73196033C354}.Release|Any CPU.Build.0 = Release|Any CPU
	EndGlobalSection
	GlobalSection(SolutionProperties) = preSolution
		HideSolutionNode = FALSE
	EndGlobalSection
	GlobalSection(ExtensibilityGlobals) = postSolution
		SolutionGuid = {944A72CF-0906-4841-B491-05516F18AA16}
	EndGlobalSection
EndGlobal
